
Microsoft Visual Studio Solution File, Format Version 12.00
# Visual Studio Version 17
VisualStudioVersion = 17.0.31903.59
MinimumVisualStudioVersion = 10.0.40219.1
Project("{FAE04EC0-301F-11D3-BF4B-00C04F79EFBC}") = "checkout-api", "src\checkout-api\checkout-api.csproj", "{DA362CDE-84B1-4AEF-92C5-E2179D740A7C}"
EndProject
Project("{FAE04EC0-301F-11D3-BF4B-00C04F79EFBC}") = "client-app", "src\client-app\client-app.csproj", "{3F8556E7-5303-4E85-89B0-CF5452F126E4}"
EndProject
Project("{FAE04EC0-301F-11D3-BF4B-00C04F79EFBC}") = "produto-api", "src\produto-api\produto-api.csproj", "{D16FD0D2-1CDF-41A8-89AD-18DB019422C7}"
EndProject
Project("{FAE04EC0-301F-11D3-BF4B-00C04F79EFBC}") = "Order-api", "src\Order-api\Order-api.csproj", "{18E385B7-5FEE-4D10-87C9-D1A3D731318A}"
EndProject
Global
	GlobalSection(SolutionConfigurationPlatforms) = preSolution
		Debug|Any CPU = Debug|Any CPU
		Release|Any CPU = Release|Any CPU
	EndGlobalSection
	GlobalSection(SolutionProperties) = preSolution
		HideSolutionNode = FALSE
	EndGlobalSection
	GlobalSection(ProjectConfigurationPlatforms) = postSolution
		{DA362CDE-84B1-4AEF-92C5-E2179D740A7C}.Debug|Any CPU.ActiveCfg = Debug|Any CPU
		{DA362CDE-84B1-4AEF-92C5-E2179D740A7C}.Debug|Any CPU.Build.0 = Debug|Any CPU
		{DA362CDE-84B1-4AEF-92C5-E2179D740A7C}.Release|Any CPU.ActiveCfg = Release|Any CPU
		{DA362CDE-84B1-4AEF-92C5-E2179D740A7C}.Release|Any CPU.Build.0 = Release|Any CPU
		{3F8556E7-5303-4E85-89B0-CF5452F126E4}.Debug|Any CPU.ActiveCfg = Debug|Any CPU
		{3F8556E7-5303-4E85-89B0-CF5452F126E4}.Debug|Any CPU.Build.0 = Debug|Any CPU
		{3F8556E7-5303-4E85-89B0-CF5452F126E4}.Release|Any CPU.ActiveCfg = Release|Any CPU
		{3F8556E7-5303-4E85-89B0-CF5452F126E4}.Release|Any CPU.Build.0 = Release|Any CPU
		{D16FD0D2-1CDF-41A8-89AD-18DB019422C7}.Debug|Any CPU.ActiveCfg = Debug|Any CPU
		{D16FD0D2-1CDF-41A8-89AD-18DB019422C7}.Debug|Any CPU.Build.0 = Debug|Any CPU
		{D16FD0D2-1CDF-41A8-89AD-18DB019422C7}.Release|Any CPU.ActiveCfg = Release|Any CPU
		{D16FD0D2-1CDF-41A8-89AD-18DB019422C7}.Release|Any CPU.Build.0 = Release|Any CPU
		{18E385B7-5FEE-4D10-87C9-D1A3D731318A}.Debug|Any CPU.ActiveCfg = Debug|Any CPU
		{18E385B7-5FEE-4D10-87C9-D1A3D731318A}.Debug|Any CPU.Build.0 = Debug|Any CPU
		{18E385B7-5FEE-4D10-87C9-D1A3D731318A}.Release|Any CPU.ActiveCfg = Release|Any CPU
		{18E385B7-5FEE-4D10-87C9-D1A3D731318A}.Release|Any CPU.Build.0 = Release|Any CPU
	EndGlobalSection
EndGlobal
